// !$*UTF8*$!
{
	archiveVersion = 1;
	classes = {
	};
	objectVersion = 50;
	objects = {

/* Begin PBXBuildFile section */
		3E4B781020BBA42E003106D5 /* main.cpp in Sources */ = {isa = PBXBuildFile; fileRef = 3E4B780F20BBA42E003106D5 /* main.cpp */; };
		3E4B781B20BBB6F8003106D5 /* FrenchCard.cpp in Sources */ = {isa = PBXBuildFile; fileRef = 3E4B781920BBB6F8003106D5 /* FrenchCard.cpp */; };
		3EF8DDC8236BA89000517CBC /* CardDeck.hpp in Sources */ = {isa = PBXBuildFile; fileRef = 3EF8DDC7236BA89000517CBC /* CardDeck.hpp */; };
		3EF8DDCB236BA9E300517CBC /* CardDeckImpl.cpp in Sources */ = {isa = PBXBuildFile; fileRef = 3EF8DDC9236BA9E300517CBC /* CardDeckImpl.cpp */; };
		3EF8DDCE236D74C300517CBC /* TarotDeck.cpp in Sources */ = {isa = PBXBuildFile; fileRef = 3EF8DDCC236D74C300517CBC /* TarotDeck.cpp */; };
		3EFD6D5626B36F84000165FD /* Random.cpp in Sources */ = {isa = PBXBuildFile; fileRef = 3EFD6D5426B36F84000165FD /* Random.cpp */; };
/* End PBXBuildFile section */

/* Begin PBXCopyFilesBuildPhase section */
		3E4B780A20BBA42E003106D5 /* CopyFiles */ = {
			isa = PBXCopyFilesBuildPhase;
			buildActionMask = 2147483647;
			dstPath = /usr/share/man/man1/;
			dstSubfolderSpec = 0;
			files = (
			);
			runOnlyForDeploymentPostprocessing = 1;
		};
/* End PBXCopyFilesBuildPhase section */

/* Begin PBXFileReference section */
		3E4B780C20BBA42E003106D5 /* blackjack_20180527_1941 */ = {isa = PBXFileReference; explicitFileType = "compiled.mach-o.executable"; includeInIndex = 0; path = blackjack_20180527_1941; sourceTree = BUILT_PRODUCTS_DIR; };
		3E4B780F20BBA42E003106D5 /* main.cpp */ = {isa = PBXFileReference; lastKnownFileType = sourcecode.cpp.cpp; path = main.cpp; sourceTree = "<group>"; };
		3E4B781720BBB000003106D5 /* CardImpl.hpp */ = {isa = PBXFileReference; lastKnownFileType = sourcecode.cpp.h; path = CardImpl.hpp; sourceTree = "<group>"; };
		3E4B781920BBB6F8003106D5 /* FrenchCard.cpp */ = {isa = PBXFileReference; lastKnownFileType = sourcecode.cpp.cpp; path = FrenchCard.cpp; sourceTree = "<group>"; };
		3E4B781A20BBB6F8003106D5 /* FrenchCard.hpp */ = {isa = PBXFileReference; lastKnownFileType = sourcecode.cpp.h; path = FrenchCard.hpp; sourceTree = "<group>"; };
		3E4B781C20BC09B1003106D5 /* EnumObject.hpp */ = {isa = PBXFileReference; lastKnownFileType = sourcecode.cpp.h; path = EnumObject.hpp; sourceTree = "<group>"; };
		3E4B782020BC9BAA003106D5 /* EnumObjectImpl.hpp */ = {isa = PBXFileReference; fileEncoding = 4; lastKnownFileType = sourcecode.cpp.h; path = EnumObjectImpl.hpp; sourceTree = "<group>"; };
		3EBA67DE20C4B8CB00B3BDE3 /* Card.hpp */ = {isa = PBXFileReference; fileEncoding = 4; lastKnownFileType = sourcecode.cpp.h; path = Card.hpp; sourceTree = "<group>"; };
		3EE79CC7236A6A68006F8E6A /* TarotMinorArcanaCard.hpp */ = {isa = PBXFileReference; fileEncoding = 4; lastKnownFileType = sourcecode.cpp.h; path = TarotMinorArcanaCard.hpp; sourceTree = "<group>"; };
		3EF8DDC6236B896600517CBC /* TarotMajorArcanaCard.hpp */ = {isa = PBXFileReference; fileEncoding = 4; lastKnownFileType = sourcecode.cpp.h; path = TarotMajorArcanaCard.hpp; sourceTree = "<group>"; };
		3EF8DDC7236BA89000517CBC /* CardDeck.hpp */ = {isa = PBXFileReference; lastKnownFileType = sourcecode.cpp.h; path = CardDeck.hpp; sourceTree = "<group>"; };
		3EF8DDC9236BA9E300517CBC /* CardDeckImpl.cpp */ = {isa = PBXFileReference; lastKnownFileType = sourcecode.cpp.cpp; path = CardDeckImpl.cpp; sourceTree = "<group>"; };
		3EF8DDCA236BA9E300517CBC /* CardDeckImpl.hpp */ = {isa = PBXFileReference; lastKnownFileType = sourcecode.cpp.h; path = CardDeckImpl.hpp; sourceTree = "<group>"; };
		3EF8DDCC236D74C300517CBC /* TarotDeck.cpp */ = {isa = PBXFileReference; lastKnownFileType = sourcecode.cpp.cpp; path = TarotDeck.cpp; sourceTree = "<group>"; };
		3EF8DDCD236D74C300517CBC /* TarotDeck.hpp */ = {isa = PBXFileReference; lastKnownFileType = sourcecode.cpp.h; path = TarotDeck.hpp; sourceTree = "<group>"; };
		3EFD6D5426B36F84000165FD /* Random.cpp */ = {isa = PBXFileReference; lastKnownFileType = sourcecode.cpp.cpp; path = Random.cpp; sourceTree = "<group>"; };
		3EFD6D5526B36F84000165FD /* Random.hpp */ = {isa = PBXFileReference; lastKnownFileType = sourcecode.cpp.h; path = Random.hpp; sourceTree = "<group>"; };
/* End PBXFileReference section */

/* Begin PBXFrameworksBuildPhase section */
		3E4B780920BBA42E003106D5 /* Frameworks */ = {
			isa = PBXFrameworksBuildPhase;
			buildActionMask = 2147483647;
			files = (
			);
			runOnlyForDeploymentPostprocessing = 0;
		};
/* End PBXFrameworksBuildPhase section */

/* Begin PBXGroup section */
		3E4B780320BBA42D003106D5 = {
			isa = PBXGroup;
			children = (
				3E4B780E20BBA42E003106D5 /* blackjack_20180527_1941 */,
				3E4B780D20BBA42E003106D5 /* Products */,
			);
			sourceTree = "<group>";
		};
		3E4B780D20BBA42E003106D5 /* Products */ = {
			isa = PBXGroup;
			children = (
				3E4B780C20BBA42E003106D5 /* blackjack_20180527_1941 */,
			);
			name = Products;
			sourceTree = "<group>";
		};
		3E4B780E20BBA42E003106D5 /* blackjack_20180527_1941 */ = {
			isa = PBXGroup;
			children = (
				3EBA67DE20C4B8CB00B3BDE3 /* Card.hpp */,
				3EF8DDC7236BA89000517CBC /* CardDeck.hpp */,
				3EF8DDC9236BA9E300517CBC /* CardDeckImpl.cpp */,
				3EF8DDCA236BA9E300517CBC /* CardDeckImpl.hpp */,
				3E4B781720BBB000003106D5 /* CardImpl.hpp */,
				3E4B781C20BC09B1003106D5 /* EnumObject.hpp */,
				3E4B782020BC9BAA003106D5 /* EnumObjectImpl.hpp */,
				3E4B781920BBB6F8003106D5 /* FrenchCard.cpp */,
				3E4B781A20BBB6F8003106D5 /* FrenchCard.hpp */,
				3E4B780F20BBA42E003106D5 /* main.cpp */,
				3EF8DDCC236D74C300517CBC /* TarotDeck.cpp */,
				3EF8DDCD236D74C300517CBC /* TarotDeck.hpp */,
				3EF8DDC6236B896600517CBC /* TarotMajorArcanaCard.hpp */,
				3EE79CC7236A6A68006F8E6A /* TarotMinorArcanaCard.hpp */,
				3EFD6D5426B36F84000165FD /* Random.cpp */,
				3EFD6D5526B36F84000165FD /* Random.hpp */,
			);
			path = blackjack_20180527_1941;
			sourceTree = "<group>";
		};
/* End PBXGroup section */

/* Begin PBXNativeTarget section */
		3E4B780B20BBA42E003106D5 /* blackjack_20180527_1941 */ = {
			isa = PBXNativeTarget;
			buildConfigurationList = 3E4B781320BBA42E003106D5 /* Build configuration list for PBXNativeTarget "blackjack_20180527_1941" */;
			buildPhases = (
				3E4B780820BBA42E003106D5 /* Sources */,
				3E4B780920BBA42E003106D5 /* Frameworks */,
				3E4B780A20BBA42E003106D5 /* CopyFiles */,
			);
			buildRules = (
			);
			dependencies = (
			);
			name = blackjack_20180527_1941;
			productName = blackjack_20180527_1941;
			productReference = 3E4B780C20BBA42E003106D5 /* blackjack_20180527_1941 */;
			productType = "com.apple.product-type.tool";
		};
/* End PBXNativeTarget section */

/* Begin PBXProject section */
		3E4B780420BBA42E003106D5 /* Project object */ = {
			isa = PBXProject;
			attributes = {
				LastUpgradeCheck = 1240;
				ORGANIZATIONNAME = 4MFD;
				TargetAttributes = {
					3E4B780B20BBA42E003106D5 = {
						CreatedOnToolsVersion = 9.3.1;
					};
				};
			};
			buildConfigurationList = 3E4B780720BBA42E003106D5 /* Build configuration list for PBXProject "blackjack_20180527_1941" */;
			compatibilityVersion = "Xcode 9.3";
			developmentRegion = en;
			hasScannedForEncodings = 0;
			knownRegions = (
				en,
				Base,
			);
			mainGroup = 3E4B780320BBA42D003106D5;
			productRefGroup = 3E4B780D20BBA42E003106D5 /* Products */;
			projectDirPath = "";
			projectRoot = "";
			targets = (
				3E4B780B20BBA42E003106D5 /* blackjack_20180527_1941 */,
			);
		};
/* End PBXProject section */

/* Begin PBXSourcesBuildPhase section */
		3E4B780820BBA42E003106D5 /* Sources */ = {
			isa = PBXSourcesBuildPhase;
			buildActionMask = 2147483647;
			files = (
				3EFD6D5626B36F84000165FD /* Random.cpp in Sources */,
				3EF8DDCE236D74C300517CBC /* TarotDeck.cpp in Sources */,
				3EF8DDCB236BA9E300517CBC /* CardDeckImpl.cpp in Sources */,
				3EF8DDC8236BA89000517CBC /* CardDeck.hpp in Sources */,
				3E4B781020BBA42E003106D5 /* main.cpp in Sources */,
				3E4B781B20BBB6F8003106D5 /* FrenchCard.cpp in Sources */,
			);
			runOnlyForDeploymentPostprocessing = 0;
		};
/* End PBXSourcesBuildPhase section */

/* Begin XCBuildConfiguration section */
		3E4B781120BBA42E003106D5 /* Debug */ = {
			isa = XCBuildConfiguration;
			buildSettings = {
				ALWAYS_SEARCH_USER_PATHS = NO;
				CLANG_ANALYZER_NONNULL = YES;
				CLANG_ANALYZER_NUMBER_OBJECT_CONVERSION = YES_AGGRESSIVE;
				CLANG_CXX_LANGUAGE_STANDARD = "gnu++14";
				CLANG_CXX_LIBRARY = "libc++";
				CLANG_ENABLE_MODULES = YES;
				CLANG_ENABLE_OBJC_ARC = YES;
				CLANG_ENABLE_OBJC_WEAK = YES;
				CLANG_WARN_BLOCK_CAPTURE_AUTORELEASING = YES;
				CLANG_WARN_BOOL_CONVERSION = YES;
				CLANG_WARN_COMMA = YES;
				CLANG_WARN_CONSTANT_CONVERSION = YES;
				CLANG_WARN_DEPRECATED_OBJC_IMPLEMENTATIONS = YES;
				CLANG_WARN_DIRECT_OBJC_ISA_USAGE = YES_ERROR;
				CLANG_WARN_DOCUMENTATION_COMMENTS = YES;
				CLANG_WARN_EMPTY_BODY = YES;
				CLANG_WARN_ENUM_CONVERSION = YES;
				CLANG_WARN_INFINITE_RECURSION = YES;
				CLANG_WARN_INT_CONVERSION = YES;
				CLANG_WARN_NON_LITERAL_NULL_CONVERSION = YES;
				CLANG_WARN_OBJC_IMPLICIT_RETAIN_SELF = YES;
				CLANG_WARN_OBJC_LITERAL_CONVERSION = YES;
				CLANG_WARN_OBJC_ROOT_CLASS = YES_ERROR;
				CLANG_WARN_QUOTED_INCLUDE_IN_FRAMEWORK_HEADER = YES;
				CLANG_WARN_RANGE_LOOP_ANALYSIS = YES;
				CLANG_WARN_STRICT_PROTOTYPES = YES;
				CLANG_WARN_SUSPICIOUS_MOVE = YES;
				CLANG_WARN_UNGUARDED_AVAILABILITY = YES_AGGRESSIVE;
				CLANG_WARN_UNREACHABLE_CODE = YES;
				CLANG_WARN__DUPLICATE_METHOD_MATCH = YES;
				CODE_SIGN_IDENTITY = "Mac Developer";
				COPY_PHASE_STRIP = NO;
				DEBUG_INFORMATION_FORMAT = dwarf;
				ENABLE_STRICT_OBJC_MSGSEND = YES;
				ENABLE_TESTABILITY = YES;
				GCC_C_LANGUAGE_STANDARD = gnu11;
				GCC_DYNAMIC_NO_PIC = NO;
				GCC_NO_COMMON_BLOCKS = YES;
				GCC_OPTIMIZATION_LEVEL = 0;
				GCC_PREPROCESSOR_DEFINITIONS = (
					"DEBUG=1",
					"$(inherited)",
				);
				GCC_WARN_64_TO_32_BIT_CONVERSION = YES;
				GCC_WARN_ABOUT_RETURN_TYPE = YES_ERROR;
				GCC_WARN_UNDECLARED_SELECTOR = YES;
				GCC_WARN_UNINITIALIZED_AUTOS = YES_AGGRESSIVE;
				GCC_WARN_UNUSED_FUNCTION = YES;
				GCC_WARN_UNUSED_VARIABLE = YES;
				MACOSX_DEPLOYMENT_TARGET = 10.13;
				MTL_ENABLE_DEBUG_INFO = YES;
				ONLY_ACTIVE_ARCH = YES;
				SDKROOT = macosx;
			};
			name = Debug;
		};
		3E4B781220BBA42E003106D5 /* Release */ = {
			isa = XCBuildConfiguration;
			buildSettings = {
				ALWAYS_SEARCH_USER_PATHS = NO;
				CLANG_ANALYZER_NONNULL = YES;
				CLANG_ANALYZER_NUMBER_OBJECT_CONVERSION = YES_AGGRESSIVE;
				CLANG_CXX_LANGUAGE_STANDARD = "gnu++14";
				CLANG_CXX_LIBRARY = "libc++";
				CLANG_ENABLE_MODULES = YES;
				CLANG_ENABLE_OBJC_ARC = YES;
				CLANG_ENABLE_OBJC_WEAK = YES;
				CLANG_WARN_BLOCK_CAPTURE_AUTORELEASING = YES;
				CLANG_WARN_BOOL_CONVERSION = YES;
				CLANG_WARN_COMMA = YES;
				CLANG_WARN_CONSTANT_CONVERSION = YES;
				CLANG_WARN_DEPRECATED_OBJC_IMPLEMENTATIONS = YES;
				CLANG_WARN_DIRECT_OBJC_ISA_USAGE = YES_ERROR;
				CLANG_WARN_DOCUMENTATION_COMMENTS = YES;
				CLANG_WARN_EMPTY_BODY = YES;
				CLANG_WARN_ENUM_CONVERSION = YES;
				CLANG_WARN_INFINITE_RECURSION = YES;
				CLANG_WARN_INT_CONVERSION = YES;
				CLANG_WARN_NON_LITERAL_NULL_CONVERSION = YES;
				CLANG_WARN_OBJC_IMPLICIT_RETAIN_SELF = YES;
				CLANG_WARN_OBJC_LITERAL_CONVERSION = YES;
				CLANG_WARN_OBJC_ROOT_CLASS = YES_ERROR;
				CLANG_WARN_QUOTED_INCLUDE_IN_FRAMEWORK_HEADER = YES;
				CLANG_WARN_RANGE_LOOP_ANALYSIS = YES;
				CLANG_WARN_STRICT_PROTOTYPES = YES;
				CLANG_WARN_SUSPICIOUS_MOVE = YES;
				CLANG_WARN_UNGUARDED_AVAILABILITY = YES_AGGRESSIVE;
				CLANG_WARN_UNREACHABLE_CODE = YES;
				CLANG_WARN__DUPLICATE_METHOD_MATCH = YES;
				CODE_SIGN_IDENTITY = "Mac Developer";
				COPY_PHASE_STRIP = NO;
				DEBUG_INFORMATION_FORMAT = "dwarf-with-dsym";
				ENABLE_NS_ASSERTIONS = NO;
				ENABLE_STRICT_OBJC_MSGSEND = YES;
				GCC_C_LANGUAGE_STANDARD = gnu11;
				GCC_NO_COMMON_BLOCKS = YES;
				GCC_WARN_64_TO_32_BIT_CONVERSION = YES;
				GCC_WARN_ABOUT_RETURN_TYPE = YES_ERROR;
				GCC_WARN_UNDECLARED_SELECTOR = YES;
				GCC_WARN_UNINITIALIZED_AUTOS = YES_AGGRESSIVE;
				GCC_WARN_UNUSED_FUNCTION = YES;
				GCC_WARN_UNUSED_VARIABLE = YES;
				MACOSX_DEPLOYMENT_TARGET = 10.13;
				MTL_ENABLE_DEBUG_INFO = NO;
				SDKROOT = macosx;
			};
			name = Release;
		};
		3E4B781420BBA42E003106D5 /* Debug */ = {
			isa = XCBuildConfiguration;
			buildSettings = {
				CODE_SIGN_IDENTITY = "-";
				CODE_SIGN_STYLE = Automatic;
				DEVELOPMENT_TEAM = KY9W9NLJDU;
				PRODUCT_NAME = "$(TARGET_NAME)";
			};
			name = Debug;
		};
		3E4B781520BBA42E003106D5 /* Release */ = {
			isa = XCBuildConfiguration;
			buildSettings = {
				CODE_SIGN_IDENTITY = "-";
				CODE_SIGN_STYLE = Automatic;
				DEVELOPMENT_TEAM = KY9W9NLJDU;
				PRODUCT_NAME = "$(TARGET_NAME)";
			};
			name = Release;
		};
/* End XCBuildConfiguration section */

/* Begin XCConfigurationList section */
		3E4B780720BBA42E003106D5 /* Build configuration list for PBXProject "blackjack_20180527_1941" */ = {
			isa = XCConfigurationList;
			buildConfigurations = (
				3E4B781120BBA42E003106D5 /* Debug */,
				3E4B781220BBA42E003106D5 /* Release */,
			);
			defaultConfigurationIsVisible = 0;
			defaultConfigurationName = Release;
		};
		3E4B781320BBA42E003106D5 /* Build configuration list for PBXNativeTarget "blackjack_20180527_1941" */ = {
			isa = XCConfigurationList;
			buildConfigurations = (
				3E4B781420BBA42E003106D5 /* Debug */,
				3E4B781520BBA42E003106D5 /* Release */,
			);
			defaultConfigurationIsVisible = 0;
			defaultConfigurationName = Release;
		};
/* End XCConfigurationList section */
	};
	rootObject = 3E4B780420BBA42E003106D5 /* Project object */;
}
